
Microsoft Visual Studio Solution File, Format Version 12.00
# Visual Studio 15
Project("{FAE04EC0-301F-11D3-BF4B-00C04F79EFBC}") = "Assembly-CSharp", "Assembly-CSharp.csproj", "{F5F17597-FA1E-9ECE-EFB1-B6813D93F9F8}"
EndProject
Project("{FAE04EC0-301F-11D3-BF4B-00C04F79EFBC}") = "Quantum.Simulation", "Quantum.Simulation.csproj", "{D38DB349-313E-D4B8-9E23-69550D5F7F52}"
EndProject
Project("{FAE04EC0-301F-11D3-BF4B-00C04F79EFBC}") = "Quantum.Unity", "Quantum.Unity.csproj", "{A836BB9A-BEF6-4D64-A867-5242E455DF88}"
EndProject
Project("{FAE04EC0-301F-11D3-BF4B-00C04F79EFBC}") = "Photon.Realtime", "Photon.Realtime.csproj", "{D99D5DF0-A3D4-AA10-BDE8-7EB798162F47}"
EndProject
Project("{FAE04EC0-301F-11D3-BF4B-00C04F79EFBC}") = "Assembly-CSharp-Editor", "Assembly-CSharp-Editor.csproj", "{B49B5F2F-AFB8-F764-045E-CDE3B5FF8C66}"
EndProject
Project("{FAE04EC0-301F-11D3-BF4B-00C04F79EFBC}") = "Quantum.Unity.Editor", "Quantum.Unity.Editor.csproj", "{2B65373E-AC7E-073E-2841-7E641498254C}"
EndProject
Project("{FAE04EC0-301F-11D3-BF4B-00C04F79EFBC}") = "Assembly-CSharp-firstpass", "Assembly-CSharp-firstpass.csproj", "{87FFF21E-C1D7-018B-026A-1272BC34C025}"
EndProject
Project("{FAE04EC0-301F-11D3-BF4B-00C04F79EFBC}") = "Tayx.Graphy", "Tayx.Graphy.csproj", "{05C6EB35-074D-25E3-2271-FDFE0225BB8F}"
EndProject
Project("{FAE04EC0-301F-11D3-BF4B-00C04F79EFBC}") = "Tayx.Graphy.Editor", "Tayx.Graphy.Editor.csproj", "{F41DB645-31EE-9F98-7BC6-9E9FBFBD832F}"
EndProject
Project("{FAE04EC0-301F-11D3-BF4B-00C04F79EFBC}") = "Quantum.Unity.Editor.CodeGen", "Quantum.Unity.Editor.CodeGen.csproj", "{B6F6B312-FD61-1303-CC07-31E1A6B612FA}"
EndProject
Global
	GlobalSection(SolutionConfigurationPlatforms) = preSolution
		Debug|Any CPU = Debug|Any CPU
		Release|Any CPU = Release|Any CPU
	EndGlobalSection
	GlobalSection(ProjectConfigurationPlatforms) = postSolution
		{F5F17597-FA1E-9ECE-EFB1-B6813D93F9F8}.Debug|Any CPU.ActiveCfg = Debug|Any CPU
		{F5F17597-FA1E-9ECE-EFB1-B6813D93F9F8}.Debug|Any CPU.Build.0 = Debug|Any CPU
		{F5F17597-FA1E-9ECE-EFB1-B6813D93F9F8}.Release|Any CPU.ActiveCfg = Release|Any CPU
		{F5F17597-FA1E-9ECE-EFB1-B6813D93F9F8}.Release|Any CPU.Build.0 = Release|Any CPU
		{D38DB349-313E-D4B8-9E23-69550D5F7F52}.Debug|Any CPU.ActiveCfg = Debug|Any CPU
		{D38DB349-313E-D4B8-9E23-69550D5F7F52}.Debug|Any CPU.Build.0 = Debug|Any CPU
		{D38DB349-313E-D4B8-9E23-69550D5F7F52}.Release|Any CPU.ActiveCfg = Release|Any CPU
		{D38DB349-313E-D4B8-9E23-69550D5F7F52}.Release|Any CPU.Build.0 = Release|Any CPU
		{A836BB9A-BEF6-4D64-A867-5242E455DF88}.Debug|Any CPU.ActiveCfg = Debug|Any CPU
		{A836BB9A-BEF6-4D64-A867-5242E455DF88}.Debug|Any CPU.Build.0 = Debug|Any CPU
		{A836BB9A-BEF6-4D64-A867-5242E455DF88}.Release|Any CPU.ActiveCfg = Release|Any CPU
		{A836BB9A-BEF6-4D64-A867-5242E455DF88}.Release|Any CPU.Build.0 = Release|Any CPU
		{D99D5DF0-A3D4-AA10-BDE8-7EB798162F47}.Debug|Any CPU.ActiveCfg = Debug|Any CPU
		{D99D5DF0-A3D4-AA10-BDE8-7EB798162F47}.Debug|Any CPU.Build.0 = Debug|Any CPU
		{D99D5DF0-A3D4-AA10-BDE8-7EB798162F47}.Release|Any CPU.ActiveCfg = Release|Any CPU
		{D99D5DF0-A3D4-AA10-BDE8-7EB798162F47}.Release|Any CPU.Build.0 = Release|Any CPU
		{B49B5F2F-AFB8-F764-045E-CDE3B5FF8C66}.Debug|Any CPU.ActiveCfg = Debug|Any CPU
		{B49B5F2F-AFB8-F764-045E-CDE3B5FF8C66}.Debug|Any CPU.Build.0 = Debug|Any CPU
		{B49B5F2F-AFB8-F764-045E-CDE3B5FF8C66}.Release|Any CPU.ActiveCfg = Release|Any CPU
		{B49B5F2F-AFB8-F764-045E-CDE3B5FF8C66}.Release|Any CPU.Build.0 = Release|Any CPU
		{2B65373E-AC7E-073E-2841-7E641498254C}.Debug|Any CPU.ActiveCfg = Debug|Any CPU
		{2B65373E-AC7E-073E-2841-7E641498254C}.Debug|Any CPU.Build.0 = Debug|Any CPU
		{2B65373E-AC7E-073E-2841-7E641498254C}.Release|Any CPU.ActiveCfg = Release|Any CPU
		{2B65373E-AC7E-073E-2841-7E641498254C}.Release|Any CPU.Build.0 = Release|Any CPU
		{87FFF21E-C1D7-018B-026A-1272BC34C025}.Debug|Any CPU.ActiveCfg = Debug|Any CPU
		{87FFF21E-C1D7-018B-026A-1272BC34C025}.Debug|Any CPU.Build.0 = Debug|Any CPU
		{87FFF21E-C1D7-018B-026A-1272BC34C025}.Release|Any CPU.ActiveCfg = Release|Any CPU
		{87FFF21E-C1D7-018B-026A-1272BC34C025}.Release|Any CPU.Build.0 = Release|Any CPU
		{05C6EB35-074D-25E3-2271-FDFE0225BB8F}.Debug|Any CPU.ActiveCfg = Debug|Any CPU
		{05C6EB35-074D-25E3-2271-FDFE0225BB8F}.Debug|Any CPU.Build.0 = Debug|Any CPU
		{05C6EB35-074D-25E3-2271-FDFE0225BB8F}.Release|Any CPU.ActiveCfg = Release|Any CPU
		{05C6EB35-074D-25E3-2271-FDFE0225BB8F}.Release|Any CPU.Build.0 = Release|Any CPU
		{F41DB645-31EE-9F98-7BC6-9E9FBFBD832F}.Debug|Any CPU.ActiveCfg = Debug|Any CPU
		{F41DB645-31EE-9F98-7BC6-9E9FBFBD832F}.Debug|Any CPU.Build.0 = Debug|Any CPU
		{F41DB645-31EE-9F98-7BC6-9E9FBFBD832F}.Release|Any CPU.ActiveCfg = Release|Any CPU
		{F41DB645-31EE-9F98-7BC6-9E9FBFBD832F}.Release|Any CPU.Build.0 = Release|Any CPU
		{B6F6B312-FD61-1303-CC07-31E1A6B612FA}.Debug|Any CPU.ActiveCfg = Debug|Any CPU
		{B6F6B312-FD61-1303-CC07-31E1A6B612FA}.Debug|Any CPU.Build.0 = Debug|Any CPU
		{B6F6B312-FD61-1303-CC07-31E1A6B612FA}.Release|Any CPU.ActiveCfg = Release|Any CPU
		{B6F6B312-FD61-1303-CC07-31E1A6B612FA}.Release|Any CPU.Build.0 = Release|Any CPU
	EndGlobalSection
	GlobalSection(SolutionProperties) = preSolution
		HideSolutionNode = FALSE
	EndGlobalSection
EndGlobal
