
Microsoft Visual Studio Solution File, Format Version 12.00
# Visual Studio 15
Project("{FAE04EC0-301F-11D3-BF4B-00C04F79EFBC}") = "Assembly-CSharp", "Assembly-CSharp.csproj", "{0035A239-589D-282C-E67F-99A1B93C4B1E}"
EndProject
Project("{FAE04EC0-301F-11D3-BF4B-00C04F79EFBC}") = "Fusion.Unity.Editor", "Fusion.Unity.Editor.csproj", "{A9F5E9B6-929D-9EF2-0FC0-29B7A66AD966}"
EndProject
Project("{FAE04EC0-301F-11D3-BF4B-00C04F79EFBC}") = "Assembly-CSharp-Editor", "Assembly-CSharp-Editor.csproj", "{14B2D92E-E605-96AE-6EA7-344F19B75ABC}"
EndProject
Project("{FAE04EC0-301F-11D3-BF4B-00C04F79EFBC}") = "Fusion.Unity", "Fusion.Unity.csproj", "{AD245D0A-6154-3F01-A757-8C3FEB5A5946}"
EndProject
Project("{FAE04EC0-301F-11D3-BF4B-00C04F79EFBC}") = "Assembly-CSharp-firstpass", "Assembly-CSharp-firstpass.csproj", "{5118849E-C7BE-5C3A-3D56-282521D64AF3}"
EndProject
Project("{FAE04EC0-301F-11D3-BF4B-00C04F79EFBC}") = "Tayx.Graphy", "Tayx.Graphy.csproj", "{DB65BF5A-741F-6341-7634-EDB881064FD9}"
EndProject
Project("{FAE04EC0-301F-11D3-BF4B-00C04F79EFBC}") = "Unity.Fusion.CodeGen", "Unity.Fusion.CodeGen.csproj", "{074A08E8-AB84-E895-DA01-90E4D369EAEE}"
EndProject
Project("{FAE04EC0-301F-11D3-BF4B-00C04F79EFBC}") = "Tayx.Graphy.Editor", "Tayx.Graphy.Editor.csproj", "{5B2CC4E0-AB11-0711-B76F-F86BA30995A7}"
EndProject
Global
	GlobalSection(SolutionConfigurationPlatforms) = preSolution
		Debug|Any CPU = Debug|Any CPU
		Release|Any CPU = Release|Any CPU
	EndGlobalSection
	GlobalSection(ProjectConfigurationPlatforms) = postSolution
		{0035A239-589D-282C-E67F-99A1B93C4B1E}.Debug|Any CPU.ActiveCfg = Debug|Any CPU
		{0035A239-589D-282C-E67F-99A1B93C4B1E}.Debug|Any CPU.Build.0 = Debug|Any CPU
		{0035A239-589D-282C-E67F-99A1B93C4B1E}.Release|Any CPU.ActiveCfg = Release|Any CPU
		{0035A239-589D-282C-E67F-99A1B93C4B1E}.Release|Any CPU.Build.0 = Release|Any CPU
		{A9F5E9B6-929D-9EF2-0FC0-29B7A66AD966}.Debug|Any CPU.ActiveCfg = Debug|Any CPU
		{A9F5E9B6-929D-9EF2-0FC0-29B7A66AD966}.Debug|Any CPU.Build.0 = Debug|Any CPU
		{A9F5E9B6-929D-9EF2-0FC0-29B7A66AD966}.Release|Any CPU.ActiveCfg = Release|Any CPU
		{A9F5E9B6-929D-9EF2-0FC0-29B7A66AD966}.Release|Any CPU.Build.0 = Release|Any CPU
		{14B2D92E-E605-96AE-6EA7-344F19B75ABC}.Debug|Any CPU.ActiveCfg = Debug|Any CPU
		{14B2D92E-E605-96AE-6EA7-344F19B75ABC}.Debug|Any CPU.Build.0 = Debug|Any CPU
		{14B2D92E-E605-96AE-6EA7-344F19B75ABC}.Release|Any CPU.ActiveCfg = Release|Any CPU
		{14B2D92E-E605-96AE-6EA7-344F19B75ABC}.Release|Any CPU.Build.0 = Release|Any CPU
		{AD245D0A-6154-3F01-A757-8C3FEB5A5946}.Debug|Any CPU.ActiveCfg = Debug|Any CPU
		{AD245D0A-6154-3F01-A757-8C3FEB5A5946}.Debug|Any CPU.Build.0 = Debug|Any CPU
		{AD245D0A-6154-3F01-A757-8C3FEB5A5946}.Release|Any CPU.ActiveCfg = Release|Any CPU
		{AD245D0A-6154-3F01-A757-8C3FEB5A5946}.Release|Any CPU.Build.0 = Release|Any CPU
		{5118849E-C7BE-5C3A-3D56-282521D64AF3}.Debug|Any CPU.ActiveCfg = Debug|Any CPU
		{5118849E-C7BE-5C3A-3D56-282521D64AF3}.Debug|Any CPU.Build.0 = Debug|Any CPU
		{5118849E-C7BE-5C3A-3D56-282521D64AF3}.Release|Any CPU.ActiveCfg = Release|Any CPU
		{5118849E-C7BE-5C3A-3D56-282521D64AF3}.Release|Any CPU.Build.0 = Release|Any CPU
		{DB65BF5A-741F-6341-7634-EDB881064FD9}.Debug|Any CPU.ActiveCfg = Debug|Any CPU
		{DB65BF5A-741F-6341-7634-EDB881064FD9}.Debug|Any CPU.Build.0 = Debug|Any CPU
		{DB65BF5A-741F-6341-7634-EDB881064FD9}.Release|Any CPU.ActiveCfg = Release|Any CPU
		{DB65BF5A-741F-6341-7634-EDB881064FD9}.Release|Any CPU.Build.0 = Release|Any CPU
		{074A08E8-AB84-E895-DA01-90E4D369EAEE}.Debug|Any CPU.ActiveCfg = Debug|Any CPU
		{074A08E8-AB84-E895-DA01-90E4D369EAEE}.Debug|Any CPU.Build.0 = Debug|Any CPU
		{074A08E8-AB84-E895-DA01-90E4D369EAEE}.Release|Any CPU.ActiveCfg = Release|Any CPU
		{074A08E8-AB84-E895-DA01-90E4D369EAEE}.Release|Any CPU.Build.0 = Release|Any CPU
		{5B2CC4E0-AB11-0711-B76F-F86BA30995A7}.Debug|Any CPU.ActiveCfg = Debug|Any CPU
		{5B2CC4E0-AB11-0711-B76F-F86BA30995A7}.Debug|Any CPU.Build.0 = Debug|Any CPU
		{5B2CC4E0-AB11-0711-B76F-F86BA30995A7}.Release|Any CPU.ActiveCfg = Release|Any CPU
		{5B2CC4E0-AB11-0711-B76F-F86BA30995A7}.Release|Any CPU.Build.0 = Release|Any CPU
	EndGlobalSection
	GlobalSection(SolutionProperties) = preSolution
		HideSolutionNode = FALSE
	EndGlobalSection
EndGlobal
