
Microsoft Visual Studio Solution File, Format Version 12.00
# Visual Studio 15
Project("{FAE04EC0-301F-11D3-BF4B-00C04F79EFBC}") = "Photon.Realtime", "Photon.Realtime.csproj", "{8DF02D76-BD63-F5F1-6366-494D9D5C398E}"
EndProject
Project("{FAE04EC0-301F-11D3-BF4B-00C04F79EFBC}") = "Quantum.Simulation", "Quantum.Simulation.csproj", "{07F66D17-CC3C-28A8-FD38-045598ACEB31}"
EndProject
Project("{FAE04EC0-301F-11D3-BF4B-00C04F79EFBC}") = "Quantum.Unity.Editor", "Quantum.Unity.Editor.csproj", "{020D0BD2-C724-14B5-8BD3-28900955C067}"
EndProject
Project("{FAE04EC0-301F-11D3-BF4B-00C04F79EFBC}") = "Quantum.Unity", "Quantum.Unity.csproj", "{C2042A34-2BCE-4DFA-CF5A-C9DE331D7C55}"
EndProject
Project("{FAE04EC0-301F-11D3-BF4B-00C04F79EFBC}") = "Assembly-CSharp-firstpass", "Assembly-CSharp-firstpass.csproj", "{5118849E-C7BE-5C3A-3D56-282521D64AF3}"
EndProject
Project("{FAE04EC0-301F-11D3-BF4B-00C04F79EFBC}") = "Assembly-CSharp", "Assembly-CSharp.csproj", "{0035A239-589D-282C-E67F-99A1B93C4B1E}"
EndProject
Project("{FAE04EC0-301F-11D3-BF4B-00C04F79EFBC}") = "Tayx.Graphy.Editor", "Tayx.Graphy.Editor.csproj", "{5B2CC4E0-AB11-0711-B76F-F86BA30995A7}"
EndProject
Project("{FAE04EC0-301F-11D3-BF4B-00C04F79EFBC}") = "Tayx.Graphy", "Tayx.Graphy.csproj", "{DB65BF5A-741F-6341-7634-EDB881064FD9}"
EndProject
Project("{FAE04EC0-301F-11D3-BF4B-00C04F79EFBC}") = "Quantum.Unity.Editor.CodeGen", "Quantum.Unity.Editor.CodeGen.csproj", "{808256CA-96A5-4A36-1CB3-6EDA81750842}"
EndProject
Project("{FAE04EC0-301F-11D3-BF4B-00C04F79EFBC}") = "Assembly-CSharp-Editor", "Assembly-CSharp-Editor.csproj", "{14B2D92E-E605-96AE-6EA7-344F19B75ABC}"
EndProject
Project("{2150E333-8FDC-42A3-9474-1A3956D46DE8}") = "Hidden", "Hidden", "{02EA681E-C7D8-13C7-8484-4AC65E1B71E8}"
EndProject
Global
	GlobalSection(SolutionConfigurationPlatforms) = preSolution
		Debug|Any CPU = Debug|Any CPU
		Release|Any CPU = Release|Any CPU
	EndGlobalSection
	GlobalSection(ProjectConfigurationPlatforms) = postSolution
		{8DF02D76-BD63-F5F1-6366-494D9D5C398E}.Debug|Any CPU.ActiveCfg = Debug|Any CPU
		{8DF02D76-BD63-F5F1-6366-494D9D5C398E}.Debug|Any CPU.Build.0 = Debug|Any CPU
		{8DF02D76-BD63-F5F1-6366-494D9D5C398E}.Release|Any CPU.ActiveCfg = Release|Any CPU
		{8DF02D76-BD63-F5F1-6366-494D9D5C398E}.Release|Any CPU.Build.0 = Release|Any CPU
		{07F66D17-CC3C-28A8-FD38-045598ACEB31}.Debug|Any CPU.ActiveCfg = Debug|Any CPU
		{07F66D17-CC3C-28A8-FD38-045598ACEB31}.Debug|Any CPU.Build.0 = Debug|Any CPU
		{07F66D17-CC3C-28A8-FD38-045598ACEB31}.Release|Any CPU.ActiveCfg = Release|Any CPU
		{07F66D17-CC3C-28A8-FD38-045598ACEB31}.Release|Any CPU.Build.0 = Release|Any CPU
		{020D0BD2-C724-14B5-8BD3-28900955C067}.Debug|Any CPU.ActiveCfg = Debug|Any CPU
		{020D0BD2-C724-14B5-8BD3-28900955C067}.Debug|Any CPU.Build.0 = Debug|Any CPU
		{020D0BD2-C724-14B5-8BD3-28900955C067}.Release|Any CPU.ActiveCfg = Release|Any CPU
		{020D0BD2-C724-14B5-8BD3-28900955C067}.Release|Any CPU.Build.0 = Release|Any CPU
		{C2042A34-2BCE-4DFA-CF5A-C9DE331D7C55}.Debug|Any CPU.ActiveCfg = Debug|Any CPU
		{C2042A34-2BCE-4DFA-CF5A-C9DE331D7C55}.Debug|Any CPU.Build.0 = Debug|Any CPU
		{C2042A34-2BCE-4DFA-CF5A-C9DE331D7C55}.Release|Any CPU.ActiveCfg = Release|Any CPU
		{C2042A34-2BCE-4DFA-CF5A-C9DE331D7C55}.Release|Any CPU.Build.0 = Release|Any CPU
		{5118849E-C7BE-5C3A-3D56-282521D64AF3}.Debug|Any CPU.ActiveCfg = Debug|Any CPU
		{5118849E-C7BE-5C3A-3D56-282521D64AF3}.Debug|Any CPU.Build.0 = Debug|Any CPU
		{5118849E-C7BE-5C3A-3D56-282521D64AF3}.Release|Any CPU.ActiveCfg = Release|Any CPU
		{5118849E-C7BE-5C3A-3D56-282521D64AF3}.Release|Any CPU.Build.0 = Release|Any CPU
		{0035A239-589D-282C-E67F-99A1B93C4B1E}.Debug|Any CPU.ActiveCfg = Debug|Any CPU
		{0035A239-589D-282C-E67F-99A1B93C4B1E}.Debug|Any CPU.Build.0 = Debug|Any CPU
		{0035A239-589D-282C-E67F-99A1B93C4B1E}.Release|Any CPU.ActiveCfg = Release|Any CPU
		{0035A239-589D-282C-E67F-99A1B93C4B1E}.Release|Any CPU.Build.0 = Release|Any CPU
		{5B2CC4E0-AB11-0711-B76F-F86BA30995A7}.Debug|Any CPU.ActiveCfg = Debug|Any CPU
		{5B2CC4E0-AB11-0711-B76F-F86BA30995A7}.Debug|Any CPU.Build.0 = Debug|Any CPU
		{5B2CC4E0-AB11-0711-B76F-F86BA30995A7}.Release|Any CPU.ActiveCfg = Release|Any CPU
		{5B2CC4E0-AB11-0711-B76F-F86BA30995A7}.Release|Any CPU.Build.0 = Release|Any CPU
		{DB65BF5A-741F-6341-7634-EDB881064FD9}.Debug|Any CPU.ActiveCfg = Debug|Any CPU
		{DB65BF5A-741F-6341-7634-EDB881064FD9}.Debug|Any CPU.Build.0 = Debug|Any CPU
		{DB65BF5A-741F-6341-7634-EDB881064FD9}.Release|Any CPU.ActiveCfg = Release|Any CPU
		{DB65BF5A-741F-6341-7634-EDB881064FD9}.Release|Any CPU.Build.0 = Release|Any CPU
		{808256CA-96A5-4A36-1CB3-6EDA81750842}.Debug|Any CPU.ActiveCfg = Debug|Any CPU
		{808256CA-96A5-4A36-1CB3-6EDA81750842}.Debug|Any CPU.Build.0 = Debug|Any CPU
		{808256CA-96A5-4A36-1CB3-6EDA81750842}.Release|Any CPU.ActiveCfg = Release|Any CPU
		{808256CA-96A5-4A36-1CB3-6EDA81750842}.Release|Any CPU.Build.0 = Release|Any CPU
		{14B2D92E-E605-96AE-6EA7-344F19B75ABC}.Debug|Any CPU.ActiveCfg = Debug|Any CPU
		{14B2D92E-E605-96AE-6EA7-344F19B75ABC}.Debug|Any CPU.Build.0 = Debug|Any CPU
		{14B2D92E-E605-96AE-6EA7-344F19B75ABC}.Release|Any CPU.ActiveCfg = Release|Any CPU
		{14B2D92E-E605-96AE-6EA7-344F19B75ABC}.Release|Any CPU.Build.0 = Release|Any CPU
	EndGlobalSection
	GlobalSection(SolutionProperties) = preSolution
		HideSolutionNode = FALSE
	EndGlobalSection
	GlobalSection(NestedProjects) = preSolution
		{C2042A34-2BCE-4DFA-CF5A-C9DE331D7C55} = {02EA681E-C7D8-13C7-8484-4AC65E1B71E8}
		{8DF02D76-BD63-F5F1-6366-494D9D5C398E} = {02EA681E-C7D8-13C7-8484-4AC65E1B71E8}
		{14B2D92E-E605-96AE-6EA7-344F19B75ABC} = {02EA681E-C7D8-13C7-8484-4AC65E1B71E8}
		{020D0BD2-C724-14B5-8BD3-28900955C067} = {02EA681E-C7D8-13C7-8484-4AC65E1B71E8}
		{5118849E-C7BE-5C3A-3D56-282521D64AF3} = {02EA681E-C7D8-13C7-8484-4AC65E1B71E8}
		{DB65BF5A-741F-6341-7634-EDB881064FD9} = {02EA681E-C7D8-13C7-8484-4AC65E1B71E8}
		{5B2CC4E0-AB11-0711-B76F-F86BA30995A7} = {02EA681E-C7D8-13C7-8484-4AC65E1B71E8}
		{808256CA-96A5-4A36-1CB3-6EDA81750842} = {02EA681E-C7D8-13C7-8484-4AC65E1B71E8}
	EndGlobalSection
EndGlobal
