
Microsoft Visual Studio Solution File, Format Version 12.00
# Visual Studio Version 17
VisualStudioVersion = 17.0.31903.59
MinimumVisualStudioVersion = 10.0.40219.1
Project("{FAE04EC0-301F-11D3-BF4B-00C04F79EFBC}") = "Quantum.Simulation.Dotnet", "Quantum.Simulation.Dotnet\Quantum.Simulation.Dotnet.csproj", "{90F54E70-AAB4-43CD-A2ED-E41F811CF00D}"
EndProject
Project("{FAE04EC0-301F-11D3-BF4B-00C04F79EFBC}") = "Quantum.Runner.Dotnet", "Quantum.Runner.Dotnet\Quantum.Runner.Dotnet.csproj", "{59E99D4C-E17B-4019-B470-D9D135F6C720}"
EndProject
Global
	GlobalSection(SolutionConfigurationPlatforms) = preSolution
		Debug|Any CPU = Debug|Any CPU
		Release|Any CPU = Release|Any CPU
	EndGlobalSection
	GlobalSection(SolutionProperties) = preSolution
		HideSolutionNode = FALSE
	EndGlobalSection
	GlobalSection(ProjectConfigurationPlatforms) = postSolution
		{90F54E70-AAB4-43CD-A2ED-E41F811CF00D}.Debug|Any CPU.ActiveCfg = Debug|Any CPU
		{90F54E70-AAB4-43CD-A2ED-E41F811CF00D}.Debug|Any CPU.Build.0 = Debug|Any CPU
		{90F54E70-AAB4-43CD-A2ED-E41F811CF00D}.Release|Any CPU.ActiveCfg = Release|Any CPU
		{90F54E70-AAB4-43CD-A2ED-E41F811CF00D}.Release|Any CPU.Build.0 = Release|Any CPU
		{59E99D4C-E17B-4019-B470-D9D135F6C720}.Debug|Any CPU.ActiveCfg = Debug|Any CPU
		{59E99D4C-E17B-4019-B470-D9D135F6C720}.Debug|Any CPU.Build.0 = Debug|Any CPU
		{59E99D4C-E17B-4019-B470-D9D135F6C720}.Release|Any CPU.ActiveCfg = Release|Any CPU
		{59E99D4C-E17B-4019-B470-D9D135F6C720}.Release|Any CPU.Build.0 = Release|Any CPU
	EndGlobalSection
EndGlobal
